// !$*UTF8*$!
{
	archiveVersion = 1;
	classes = {
	};
	objectVersion = 50;
	objects = {

/* Begin PBXBuildFile section */
		21A57CD82128763E004DF1AF /* AppDelegate.swift in Sources */ = {isa = PBXBuildFile; fileRef = 21A57CD72128763E004DF1AF /* AppDelegate.swift */; };
		21A57CDA2128763E004DF1AF /* TodoListViewController.swift in Sources */ = {isa = PBXBuildFile; fileRef = 21A57CD92128763E004DF1AF /* TodoListViewController.swift */; };
		21A57CDD2128763E004DF1AF /* Main.storyboard in Resources */ = {isa = PBXBuildFile; fileRef = 21A57CDB2128763E004DF1AF /* Main.storyboard */; };
		21A57CDF2128763E004DF1AF /* Assets.xcassets in Resources */ = {isa = PBXBuildFile; fileRef = 21A57CDE2128763E004DF1AF /* Assets.xcassets */; };
		21A57CE22128763E004DF1AF /* LaunchScreen.storyboard in Resources */ = {isa = PBXBuildFile; fileRef = 21A57CE02128763E004DF1AF /* LaunchScreen.storyboard */; };
		21A57CF1212A222E004DF1AF /* DataModel.xcdatamodeld in Sources */ = {isa = PBXBuildFile; fileRef = 21A57CEF212A222E004DF1AF /* DataModel.xcdatamodeld */; };
/* End PBXBuildFile section */

/* Begin PBXFileReference section */
		21A57CD42128763E004DF1AF /* ToDoey.app */ = {isa = PBXFileReference; explicitFileType = wrapper.application; includeInIndex = 0; path = ToDoey.app; sourceTree = BUILT_PRODUCTS_DIR; };
		21A57CD72128763E004DF1AF /* AppDelegate.swift */ = {isa = PBXFileReference; lastKnownFileType = sourcecode.swift; path = AppDelegate.swift; sourceTree = "<group>"; };
		21A57CD92128763E004DF1AF /* TodoListViewController.swift */ = {isa = PBXFileReference; lastKnownFileType = sourcecode.swift; path = TodoListViewController.swift; sourceTree = "<group>"; };
		21A57CDC2128763E004DF1AF /* Base */ = {isa = PBXFileReference; lastKnownFileType = file.storyboard; name = Base; path = Base.lproj/Main.storyboard; sourceTree = "<group>"; };
		21A57CDE2128763E004DF1AF /* Assets.xcassets */ = {isa = PBXFileReference; lastKnownFileType = folder.assetcatalog; path = Assets.xcassets; sourceTree = "<group>"; };
		21A57CE12128763E004DF1AF /* Base */ = {isa = PBXFileReference; lastKnownFileType = file.storyboard; name = Base; path = Base.lproj/LaunchScreen.storyboard; sourceTree = "<group>"; };
		21A57CE32128763E004DF1AF /* Info.plist */ = {isa = PBXFileReference; lastKnownFileType = text.plist.xml; path = Info.plist; sourceTree = "<group>"; };
		21A57CF0212A222E004DF1AF /* DataModel.xcdatamodel */ = {isa = PBXFileReference; lastKnownFileType = wrapper.xcdatamodel; path = DataModel.xcdatamodel; sourceTree = "<group>"; };
/* End PBXFileReference section */

/* Begin PBXFrameworksBuildPhase section */
		21A57CD12128763E004DF1AF /* Frameworks */ = {
			isa = PBXFrameworksBuildPhase;
			buildActionMask = 2147483647;
			files = (
			);
			runOnlyForDeploymentPostprocessing = 0;
		};
/* End PBXFrameworksBuildPhase section */

/* Begin PBXGroup section */
		21A57CCB2128763E004DF1AF = {
			isa = PBXGroup;
			children = (
				21A57CD62128763E004DF1AF /* ToDoey */,
				21A57CD52128763E004DF1AF /* Products */,
			);
			sourceTree = "<group>";
		};
		21A57CD52128763E004DF1AF /* Products */ = {
			isa = PBXGroup;
			children = (
				21A57CD42128763E004DF1AF /* ToDoey.app */,
			);
			name = Products;
			sourceTree = "<group>";
		};
		21A57CD62128763E004DF1AF /* ToDoey */ = {
			isa = PBXGroup;
			children = (
				21A57CD72128763E004DF1AF /* AppDelegate.swift */,
				21A57CED2128CD42004DF1AF /* Controllers */,
				21A57CEB2128CD20004DF1AF /* Data Model */,
				21A57CEC2128CD31004DF1AF /* Views */,
				21A57CEE2128CD63004DF1AF /* Supporting Files */,
				21A57CE32128763E004DF1AF /* Info.plist */,
			);
			path = ToDoey;
			sourceTree = "<group>";
		};
		21A57CEB2128CD20004DF1AF /* Data Model */ = {
			isa = PBXGroup;
			children = (
				21A57CEF212A222E004DF1AF /* DataModel.xcdatamodeld */,
			);
			path = "Data Model";
			sourceTree = "<group>";
		};
		21A57CEC2128CD31004DF1AF /* Views */ = {
			isa = PBXGroup;
			children = (
				21A57CDB2128763E004DF1AF /* Main.storyboard */,
			);
			path = Views;
			sourceTree = "<group>";
		};
		21A57CED2128CD42004DF1AF /* Controllers */ = {
			isa = PBXGroup;
			children = (
				21A57CD92128763E004DF1AF /* TodoListViewController.swift */,
			);
			path = Controllers;
			sourceTree = "<group>";
		};
		21A57CEE2128CD63004DF1AF /* Supporting Files */ = {
			isa = PBXGroup;
			children = (
				21A57CDE2128763E004DF1AF /* Assets.xcassets */,
				21A57CE02128763E004DF1AF /* LaunchScreen.storyboard */,
			);
			path = "Supporting Files";
			sourceTree = "<group>";
		};
/* End PBXGroup section */

/* Begin PBXNativeTarget section */
		21A57CD32128763E004DF1AF /* ToDoey */ = {
			isa = PBXNativeTarget;
			buildConfigurationList = 21A57CE62128763E004DF1AF /* Build configuration list for PBXNativeTarget "ToDoey" */;
			buildPhases = (
				21A57CD02128763E004DF1AF /* Sources */,
				21A57CD12128763E004DF1AF /* Frameworks */,
				21A57CD22128763E004DF1AF /* Resources */,
			);
			buildRules = (
			);
			dependencies = (
			);
			name = ToDoey;
			productName = ToDoey;
			productReference = 21A57CD42128763E004DF1AF /* ToDoey.app */;
			productType = "com.apple.product-type.application";
		};
/* End PBXNativeTarget section */

/* Begin PBXProject section */
		21A57CCC2128763E004DF1AF /* Project object */ = {
			isa = PBXProject;
			attributes = {
				LastSwiftUpdateCheck = 1000;
				LastUpgradeCheck = 1000;
				ORGANIZATIONNAME = proxy;
				TargetAttributes = {
					21A57CD32128763E004DF1AF = {
						CreatedOnToolsVersion = 10.0;
					};
				};
			};
			buildConfigurationList = 21A57CCF2128763E004DF1AF /* Build configuration list for PBXProject "ToDoey" */;
			compatibilityVersion = "Xcode 9.3";
			developmentRegion = en;
			hasScannedForEncodings = 0;
			knownRegions = (
				en,
				Base,
			);
			mainGroup = 21A57CCB2128763E004DF1AF;
			productRefGroup = 21A57CD52128763E004DF1AF /* Products */;
			projectDirPath = "";
			projectRoot = "";
			targets = (
				21A57CD32128763E004DF1AF /* ToDoey */,
			);
		};
/* End PBXProject section */

/* Begin PBXResourcesBuildPhase section */
		21A57CD22128763E004DF1AF /* Resources */ = {
			isa = PBXResourcesBuildPhase;
			buildActionMask = 2147483647;
			files = (
				21A57CE22128763E004DF1AF /* LaunchScreen.storyboard in Resources */,
				21A57CDF2128763E004DF1AF /* Assets.xcassets in Resources */,
				21A57CDD2128763E004DF1AF /* Main.storyboard in Resources */,
			);
			runOnlyForDeploymentPostprocessing = 0;
		};
/* End PBXResourcesBuildPhase section */

/* Begin PBXSourcesBuildPhase section */
		21A57CD02128763E004DF1AF /* Sources */ = {
			isa = PBXSourcesBuildPhase;
			buildActionMask = 2147483647;
			files = (
				21A57CDA2128763E004DF1AF /* TodoListViewController.swift in Sources */,
				21A57CF1212A222E004DF1AF /* DataModel.xcdatamodeld in Sources */,
				21A57CD82128763E004DF1AF /* AppDelegate.swift in Sources */,
			);
			runOnlyForDeploymentPostprocessing = 0;
		};
/* End PBXSourcesBuildPhase section */

/* Begin PBXVariantGroup section */
		21A57CDB2128763E004DF1AF /* Main.storyboard */ = {
			isa = PBXVariantGroup;
			children = (
				21A57CDC2128763E004DF1AF /* Base */,
			);
			name = Main.storyboard;
			sourceTree = "<group>";
		};
		21A57CE02128763E004DF1AF /* LaunchScreen.storyboard */ = {
			isa = PBXVariantGroup;
			children = (
				21A57CE12128763E004DF1AF /* Base */,
			);
			name = LaunchScreen.storyboard;
			sourceTree = "<group>";
		};
/* End PBXVariantGroup section */

/* Begin XCBuildConfiguration section */
		21A57CE42128763E004DF1AF /* Debug */ = {
			isa = XCBuildConfiguration;
			buildSettings = {
				ALWAYS_SEARCH_USER_PATHS = NO;
				CLANG_ANALYZER_NONNULL = YES;
				CLANG_ANALYZER_NUMBER_OBJECT_CONVERSION = YES_AGGRESSIVE;
				CLANG_CXX_LANGUAGE_STANDARD = "gnu++14";
				CLANG_CXX_LIBRARY = "libc++";
				CLANG_ENABLE_MODULES = YES;
				CLANG_ENABLE_OBJC_ARC = YES;
				CLANG_ENABLE_OBJC_WEAK = YES;
				CLANG_WARN_BLOCK_CAPTURE_AUTORELEASING = YES;
				CLANG_WARN_BOOL_CONVERSION = YES;
				CLANG_WARN_COMMA = YES;
				CLANG_WARN_CONSTANT_CONVERSION = YES;
				CLANG_WARN_DEPRECATED_OBJC_IMPLEMENTATIONS = YES;
				CLANG_WARN_DIRECT_OBJC_ISA_USAGE = YES_ERROR;
				CLANG_WARN_DOCUMENTATION_COMMENTS = YES;
				CLANG_WARN_EMPTY_BODY = YES;
				CLANG_WARN_ENUM_CONVERSION = YES;
				CLANG_WARN_INFINITE_RECURSION = YES;
				CLANG_WARN_INT_CONVERSION = YES;
				CLANG_WARN_NON_LITERAL_NULL_CONVERSION = YES;
				CLANG_WARN_OBJC_IMPLICIT_RETAIN_SELF = YES;
				CLANG_WARN_OBJC_LITERAL_CONVERSION = YES;
				CLANG_WARN_OBJC_ROOT_CLASS = YES_ERROR;
				CLANG_WARN_RANGE_LOOP_ANALYSIS = YES;
				CLANG_WARN_STRICT_PROTOTYPES = YES;
				CLANG_WARN_SUSPICIOUS_MOVE = YES;
				CLANG_WARN_UNGUARDED_AVAILABILITY = YES_AGGRESSIVE;
				CLANG_WARN_UNREACHABLE_CODE = YES;
				CLANG_WARN__DUPLICATE_METHOD_MATCH = YES;
				CODE_SIGN_IDENTITY = "iPhone Developer";
				COPY_PHASE_STRIP = NO;
				DEBUG_INFORMATION_FORMAT = dwarf;
				ENABLE_STRICT_OBJC_MSGSEND = YES;
				ENABLE_TESTABILITY = YES;
				GCC_C_LANGUAGE_STANDARD = gnu11;
				GCC_DYNAMIC_NO_PIC = NO;
				GCC_NO_COMMON_BLOCKS = YES;
				GCC_OPTIMIZATION_LEVEL = 0;
				GCC_PREPROCESSOR_DEFINITIONS = (
					"DEBUG=1",
					"$(inherited)",
				);
				GCC_WARN_64_TO_32_BIT_CONVERSION = YES;
				GCC_WARN_ABOUT_RETURN_TYPE = YES_ERROR;
				GCC_WARN_UNDECLARED_SELECTOR = YES;
				GCC_WARN_UNINITIALIZED_AUTOS = YES_AGGRESSIVE;
				GCC_WARN_UNUSED_FUNCTION = YES;
				GCC_WARN_UNUSED_VARIABLE = YES;
				IPHONEOS_DEPLOYMENT_TARGET = 12.0;
				MTL_ENABLE_DEBUG_INFO = INCLUDE_SOURCE;
				MTL_FAST_MATH = YES;
				ONLY_ACTIVE_ARCH = YES;
				SDKROOT = iphoneos;
				SWIFT_ACTIVE_COMPILATION_CONDITIONS = DEBUG;
				SWIFT_OPTIMIZATION_LEVEL = "-Onone";
			};
			name = Debug;
		};
		21A57CE52128763E004DF1AF /* Release */ = {
			isa = XCBuildConfiguration;
			buildSettings = {
				ALWAYS_SEARCH_USER_PATHS = NO;
				CLANG_ANALYZER_NONNULL = YES;
				CLANG_ANALYZER_NUMBER_OBJECT_CONVERSION = YES_AGGRESSIVE;
				CLANG_CXX_LANGUAGE_STANDARD = "gnu++14";
				CLANG_CXX_LIBRARY = "libc++";
				CLANG_ENABLE_MODULES = YES;
				CLANG_ENABLE_OBJC_ARC = YES;
				CLANG_ENABLE_OBJC_WEAK = YES;
				CLANG_WARN_BLOCK_CAPTURE_AUTORELEASING = YES;
				CLANG_WARN_BOOL_CONVERSION = YES;
				CLANG_WARN_COMMA = YES;
				CLANG_WARN_CONSTANT_CONVERSION = YES;
				CLANG_WARN_DEPRECATED_OBJC_IMPLEMENTATIONS = YES;
				CLANG_WARN_DIRECT_OBJC_ISA_USAGE = YES_ERROR;
				CLANG_WARN_DOCUMENTATION_COMMENTS = YES;
				CLANG_WARN_EMPTY_BODY = YES;
				CLANG_WARN_ENUM_CONVERSION = YES;
				CLANG_WARN_INFINITE_RECURSION = YES;
				CLANG_WARN_INT_CONVERSION = YES;
				CLANG_WARN_NON_LITERAL_NULL_CONVERSION = YES;
				CLANG_WARN_OBJC_IMPLICIT_RETAIN_SELF = YES;
				CLANG_WARN_OBJC_LITERAL_CONVERSION = YES;
				CLANG_WARN_OBJC_ROOT_CLASS = YES_ERROR;
				CLANG_WARN_RANGE_LOOP_ANALYSIS = YES;
				CLANG_WARN_STRICT_PROTOTYPES = YES;
				CLANG_WARN_SUSPICIOUS_MOVE = YES;
				CLANG_WARN_UNGUARDED_AVAILABILITY = YES_AGGRESSIVE;
				CLANG_WARN_UNREACHABLE_CODE = YES;
				CLANG_WARN__DUPLICATE_METHOD_MATCH = YES;
				CODE_SIGN_IDENTITY = "iPhone Developer";
				COPY_PHASE_STRIP = NO;
				DEBUG_INFORMATION_FORMAT = "dwarf-with-dsym";
				ENABLE_NS_ASSERTIONS = NO;
				ENABLE_STRICT_OBJC_MSGSEND = YES;
				GCC_C_LANGUAGE_STANDARD = gnu11;
				GCC_NO_COMMON_BLOCKS = YES;
				GCC_WARN_64_TO_32_BIT_CONVERSION = YES;
				GCC_WARN_ABOUT_RETURN_TYPE = YES_ERROR;
				GCC_WARN_UNDECLARED_SELECTOR = YES;
				GCC_WARN_UNINITIALIZED_AUTOS = YES_AGGRESSIVE;
				GCC_WARN_UNUSED_FUNCTION = YES;
				GCC_WARN_UNUSED_VARIABLE = YES;
				IPHONEOS_DEPLOYMENT_TARGET = 12.0;
				MTL_ENABLE_DEBUG_INFO = NO;
				MTL_FAST_MATH = YES;
				SDKROOT = iphoneos;
				SWIFT_COMPILATION_MODE = wholemodule;
				SWIFT_OPTIMIZATION_LEVEL = "-O";
				VALIDATE_PRODUCT = YES;
			};
			name = Release;
		};
		21A57CE72128763E004DF1AF /* Debug */ = {
			isa = XCBuildConfiguration;
			buildSettings = {
				ASSETCATALOG_COMPILER_APPICON_NAME = AppIcon;
				CODE_SIGN_STYLE = Automatic;
				DEVELOPMENT_TEAM = 2D8DHL3LZB;
				INFOPLIST_FILE = ToDoey/Info.plist;
				LD_RUNPATH_SEARCH_PATHS = (
					"$(inherited)",
					"@executable_path/Frameworks",
				);
				PRODUCT_BUNDLE_IDENTIFIER = com.proxy.ToDoey;
				PRODUCT_NAME = "$(TARGET_NAME)";
				SWIFT_VERSION = 4.2;
				TARGETED_DEVICE_FAMILY = "1,2";
			};
			name = Debug;
		};
		21A57CE82128763E004DF1AF /* Release */ = {
			isa = XCBuildConfiguration;
			buildSettings = {
				ASSETCATALOG_COMPILER_APPICON_NAME = AppIcon;
				CODE_SIGN_STYLE = Automatic;
				DEVELOPMENT_TEAM = 2D8DHL3LZB;
				INFOPLIST_FILE = ToDoey/Info.plist;
				LD_RUNPATH_SEARCH_PATHS = (
					"$(inherited)",
					"@executable_path/Frameworks",
				);
				PRODUCT_BUNDLE_IDENTIFIER = com.proxy.ToDoey;
				PRODUCT_NAME = "$(TARGET_NAME)";
				SWIFT_VERSION = 4.2;
				TARGETED_DEVICE_FAMILY = "1,2";
			};
			name = Release;
		};
/* End XCBuildConfiguration section */

/* Begin XCConfigurationList section */
		21A57CCF2128763E004DF1AF /* Build configuration list for PBXProject "ToDoey" */ = {
			isa = XCConfigurationList;
			buildConfigurations = (
				21A57CE42128763E004DF1AF /* Debug */,
				21A57CE52128763E004DF1AF /* Release */,
			);
			defaultConfigurationIsVisible = 0;
			defaultConfigurationName = Release;
		};
		21A57CE62128763E004DF1AF /* Build configuration list for PBXNativeTarget "ToDoey" */ = {
			isa = XCConfigurationList;
			buildConfigurations = (
				21A57CE72128763E004DF1AF /* Debug */,
				21A57CE82128763E004DF1AF /* Release */,
			);
			defaultConfigurationIsVisible = 0;
			defaultConfigurationName = Release;
		};
/* End XCConfigurationList section */

/* Begin XCVersionGroup section */
		21A57CEF212A222E004DF1AF /* DataModel.xcdatamodeld */ = {
			isa = XCVersionGroup;
			children = (
				21A57CF0212A222E004DF1AF /* DataModel.xcdatamodel */,
			);
			currentVersion = 21A57CF0212A222E004DF1AF /* DataModel.xcdatamodel */;
			path = DataModel.xcdatamodeld;
			sourceTree = "<group>";
			versionGroupType = wrapper.xcdatamodel;
		};
/* End XCVersionGroup section */
	};
	rootObject = 21A57CCC2128763E004DF1AF /* Project object */;
}
